
Microsoft Visual Studio Solution File, Format Version 12.00
# Visual Studio Version 16
VisualStudioVersion = 16.0.29009.5
MinimumVisualStudioVersion = 10.0.40219.1
Project("{FAE04EC0-301F-11D3-BF4B-00C04F79EFBC}") = "ReadMethodsFromDLL", "ReadMethodsFromDLL\ReadMethodsFromDLL.csproj", "{C22E454B-47CB-49C0-8652-25CA8AAB74A9}"
EndProject
Project("{FAE04EC0-301F-11D3-BF4B-00C04F79EFBC}") = "TestLibrary", "TestLibrary\TestLibrary.csproj", "{4951AD82-BF0F-48D9-8A37-F6115B9C45D5}"
EndProject
Global
	GlobalSection(SolutionConfigurationPlatforms) = preSolution
		Debug|Any CPU = Debug|Any CPU
		Release|Any CPU = Release|Any CPU
	EndGlobalSection
	GlobalSection(ProjectConfigurationPlatforms) = postSolution
		{C22E454B-47CB-49C0-8652-25CA8AAB74A9}.Debug|Any CPU.ActiveCfg = Debug|Any CPU
		{C22E454B-47CB-49C0-8652-25CA8AAB74A9}.Debug|Any CPU.Build.0 = Debug|Any CPU
		{C22E454B-47CB-49C0-8652-25CA8AAB74A9}.Release|Any CPU.ActiveCfg = Release|Any CPU
		{C22E454B-47CB-49C0-8652-25CA8AAB74A9}.Release|Any CPU.Build.0 = Release|Any CPU
		{4951AD82-BF0F-48D9-8A37-F6115B9C45D5}.Debug|Any CPU.ActiveCfg = Debug|Any CPU
		{4951AD82-BF0F-48D9-8A37-F6115B9C45D5}.Debug|Any CPU.Build.0 = Debug|Any CPU
		{4951AD82-BF0F-48D9-8A37-F6115B9C45D5}.Release|Any CPU.ActiveCfg = Release|Any CPU
		{4951AD82-BF0F-48D9-8A37-F6115B9C45D5}.Release|Any CPU.Build.0 = Release|Any CPU
	EndGlobalSection
	GlobalSection(SolutionProperties) = preSolution
		HideSolutionNode = FALSE
	EndGlobalSection
	GlobalSection(ExtensibilityGlobals) = postSolution
		SolutionGuid = {5C609BF7-74E4-4C3D-AF42-96BD3F9EFD6C}
	EndGlobalSection
EndGlobal
